// !$*UTF8*$!
{
	archiveVersion = 1;
	classes = {
	};
	objectVersion = 55;
	objects = {

/* Begin PBXBuildFile section */
		C509575C28AE01C60064C1E6 /* AppDelegate.swift in Sources */ = {isa = PBXBuildFile; fileRef = C509575B28AE01C60064C1E6 /* AppDelegate.swift */; };
		C509575E28AE01C60064C1E6 /* SceneDelegate.swift in Sources */ = {isa = PBXBuildFile; fileRef = C509575D28AE01C60064C1E6 /* SceneDelegate.swift */; };
		C509576028AE01C60064C1E6 /* ViewController.swift in Sources */ = {isa = PBXBuildFile; fileRef = C509575F28AE01C60064C1E6 /* ViewController.swift */; };
		C509576328AE01C60064C1E6 /* Main.storyboard in Resources */ = {isa = PBXBuildFile; fileRef = C509576128AE01C60064C1E6 /* Main.storyboard */; };
		C509576528AE01C70064C1E6 /* Assets.xcassets in Resources */ = {isa = PBXBuildFile; fileRef = C509576428AE01C70064C1E6 /* Assets.xcassets */; };
		C509576828AE01C70064C1E6 /* LaunchScreen.storyboard in Resources */ = {isa = PBXBuildFile; fileRef = C509576628AE01C70064C1E6 /* LaunchScreen.storyboard */; };
		C509577528AE03020064C1E6 /* WeatherTableViewCell.swift in Sources */ = {isa = PBXBuildFile; fileRef = C509577328AE03020064C1E6 /* WeatherTableViewCell.swift */; };
		C509577628AE03020064C1E6 /* WeatherTableViewCell.xib in Resources */ = {isa = PBXBuildFile; fileRef = C509577428AE03020064C1E6 /* WeatherTableViewCell.xib */; };
		C509577928AE03230064C1E6 /* HourlyTableViewCell.swift in Sources */ = {isa = PBXBuildFile; fileRef = C509577728AE03230064C1E6 /* HourlyTableViewCell.swift */; };
		C509577A28AE03230064C1E6 /* HourlyTableViewCell.xib in Resources */ = {isa = PBXBuildFile; fileRef = C509577828AE03230064C1E6 /* HourlyTableViewCell.xib */; };
		C509577C28AE06E70064C1E6 /* Constant.swift in Sources */ = {isa = PBXBuildFile; fileRef = C509577B28AE06E70064C1E6 /* Constant.swift */; };
		C509577E28AE0D5A0064C1E6 /* WeatherResponse.swift in Sources */ = {isa = PBXBuildFile; fileRef = C509577D28AE0D5A0064C1E6 /* WeatherResponse.swift */; };
		C509578028AE0EDA0064C1E6 /* Extensions.swift in Sources */ = {isa = PBXBuildFile; fileRef = C509577F28AE0EDA0064C1E6 /* Extensions.swift */; };
		C5DDC2B528AE23EC008ED062 /* WeatherCollectionViewCell.swift in Sources */ = {isa = PBXBuildFile; fileRef = C5DDC2B328AE23EC008ED062 /* WeatherCollectionViewCell.swift */; };
		C5DDC2B628AE23EC008ED062 /* WeatherCollectionViewCell.xib in Resources */ = {isa = PBXBuildFile; fileRef = C5DDC2B428AE23EC008ED062 /* WeatherCollectionViewCell.xib */; };
		C5FCBB0E28AF94970068A539 /* HeaderView.swift in Sources */ = {isa = PBXBuildFile; fileRef = C5FCBB0D28AF94970068A539 /* HeaderView.swift */; };
/* End PBXBuildFile section */

/* Begin PBXFileReference section */
		C509575828AE01C60064C1E6 /* WeatherMe.app */ = {isa = PBXFileReference; explicitFileType = wrapper.application; includeInIndex = 0; path = WeatherMe.app; sourceTree = BUILT_PRODUCTS_DIR; };
		C509575B28AE01C60064C1E6 /* AppDelegate.swift */ = {isa = PBXFileReference; lastKnownFileType = sourcecode.swift; path = AppDelegate.swift; sourceTree = "<group>"; };
		C509575D28AE01C60064C1E6 /* SceneDelegate.swift */ = {isa = PBXFileReference; lastKnownFileType = sourcecode.swift; path = SceneDelegate.swift; sourceTree = "<group>"; };
		C509575F28AE01C60064C1E6 /* ViewController.swift */ = {isa = PBXFileReference; lastKnownFileType = sourcecode.swift; path = ViewController.swift; sourceTree = "<group>"; };
		C509576228AE01C60064C1E6 /* Base */ = {isa = PBXFileReference; lastKnownFileType = file.storyboard; name = Base; path = Base.lproj/Main.storyboard; sourceTree = "<group>"; };
		C509576428AE01C70064C1E6 /* Assets.xcassets */ = {isa = PBXFileReference; lastKnownFileType = folder.assetcatalog; path = Assets.xcassets; sourceTree = "<group>"; };
		C509576728AE01C70064C1E6 /* Base */ = {isa = PBXFileReference; lastKnownFileType = file.storyboard; name = Base; path = Base.lproj/LaunchScreen.storyboard; sourceTree = "<group>"; };
		C509576928AE01C70064C1E6 /* Info.plist */ = {isa = PBXFileReference; lastKnownFileType = text.plist.xml; path = Info.plist; sourceTree = "<group>"; };
		C509577328AE03020064C1E6 /* WeatherTableViewCell.swift */ = {isa = PBXFileReference; lastKnownFileType = sourcecode.swift; path = WeatherTableViewCell.swift; sourceTree = "<group>"; };
		C509577428AE03020064C1E6 /* WeatherTableViewCell.xib */ = {isa = PBXFileReference; lastKnownFileType = file.xib; path = WeatherTableViewCell.xib; sourceTree = "<group>"; };
		C509577728AE03230064C1E6 /* HourlyTableViewCell.swift */ = {isa = PBXFileReference; lastKnownFileType = sourcecode.swift; path = HourlyTableViewCell.swift; sourceTree = "<group>"; };
		C509577828AE03230064C1E6 /* HourlyTableViewCell.xib */ = {isa = PBXFileReference; lastKnownFileType = file.xib; path = HourlyTableViewCell.xib; sourceTree = "<group>"; };
		C509577B28AE06E70064C1E6 /* Constant.swift */ = {isa = PBXFileReference; lastKnownFileType = sourcecode.swift; path = Constant.swift; sourceTree = "<group>"; };
		C509577D28AE0D5A0064C1E6 /* WeatherResponse.swift */ = {isa = PBXFileReference; lastKnownFileType = sourcecode.swift; path = WeatherResponse.swift; sourceTree = "<group>"; };
		C509577F28AE0EDA0064C1E6 /* Extensions.swift */ = {isa = PBXFileReference; lastKnownFileType = sourcecode.swift; path = Extensions.swift; sourceTree = "<group>"; };
		C5DDC2B328AE23EC008ED062 /* WeatherCollectionViewCell.swift */ = {isa = PBXFileReference; lastKnownFileType = sourcecode.swift; path = WeatherCollectionViewCell.swift; sourceTree = "<group>"; };
		C5DDC2B428AE23EC008ED062 /* WeatherCollectionViewCell.xib */ = {isa = PBXFileReference; lastKnownFileType = file.xib; path = WeatherCollectionViewCell.xib; sourceTree = "<group>"; };
		C5FCBB0D28AF94970068A539 /* HeaderView.swift */ = {isa = PBXFileReference; lastKnownFileType = sourcecode.swift; path = HeaderView.swift; sourceTree = "<group>"; };
/* End PBXFileReference section */

/* Begin PBXFrameworksBuildPhase section */
		C509575528AE01C60064C1E6 /* Frameworks */ = {
			isa = PBXFrameworksBuildPhase;
			buildActionMask = 2147483647;
			files = (
			);
			runOnlyForDeploymentPostprocessing = 0;
		};
/* End PBXFrameworksBuildPhase section */

/* Begin PBXGroup section */
		C509574F28AE01C60064C1E6 = {
			isa = PBXGroup;
			children = (
				C509575A28AE01C60064C1E6 /* WeatherMe */,
				C509575928AE01C60064C1E6 /* Products */,
			);
			sourceTree = "<group>";
		};
		C509575928AE01C60064C1E6 /* Products */ = {
			isa = PBXGroup;
			children = (
				C509575828AE01C60064C1E6 /* WeatherMe.app */,
			);
			name = Products;
			sourceTree = "<group>";
		};
		C509575A28AE01C60064C1E6 /* WeatherMe */ = {
			isa = PBXGroup;
			children = (
				C509575B28AE01C60064C1E6 /* AppDelegate.swift */,
				C509575D28AE01C60064C1E6 /* SceneDelegate.swift */,
				C509576628AE01C70064C1E6 /* LaunchScreen.storyboard */,
				C509576428AE01C70064C1E6 /* Assets.xcassets */,
				C5DDC2B228AE23C2008ED062 /* CollectionViewCell */,
				C509577028AE02CA0064C1E6 /* HourlyCollectionCell */,
				C509576F28AE02BC0064C1E6 /* WeatherCell */,
				C509576128AE01C60064C1E6 /* Main.storyboard */,
				C509575F28AE01C60064C1E6 /* ViewController.swift */,
				C5FCBB0D28AF94970068A539 /* HeaderView.swift */,
				C509577F28AE0EDA0064C1E6 /* Extensions.swift */,
				C509577D28AE0D5A0064C1E6 /* WeatherResponse.swift */,
				C509577B28AE06E70064C1E6 /* Constant.swift */,
				C509576928AE01C70064C1E6 /* Info.plist */,
			);
			path = WeatherMe;
			sourceTree = "<group>";
		};
		C509576F28AE02BC0064C1E6 /* WeatherCell */ = {
			isa = PBXGroup;
			children = (
				C509577328AE03020064C1E6 /* WeatherTableViewCell.swift */,
				C509577428AE03020064C1E6 /* WeatherTableViewCell.xib */,
			);
			path = WeatherCell;
			sourceTree = "<group>";
		};
		C509577028AE02CA0064C1E6 /* HourlyCollectionCell */ = {
			isa = PBXGroup;
			children = (
				C509577728AE03230064C1E6 /* HourlyTableViewCell.swift */,
				C509577828AE03230064C1E6 /* HourlyTableViewCell.xib */,
			);
			path = HourlyCollectionCell;
			sourceTree = "<group>";
		};
		C5DDC2B228AE23C2008ED062 /* CollectionViewCell */ = {
			isa = PBXGroup;
			children = (
				C5DDC2B328AE23EC008ED062 /* WeatherCollectionViewCell.swift */,
				C5DDC2B428AE23EC008ED062 /* WeatherCollectionViewCell.xib */,
			);
			path = CollectionViewCell;
			sourceTree = "<group>";
		};
/* End PBXGroup section */

/* Begin PBXNativeTarget section */
		C509575728AE01C60064C1E6 /* WeatherMe */ = {
			isa = PBXNativeTarget;
			buildConfigurationList = C509576C28AE01C70064C1E6 /* Build configuration list for PBXNativeTarget "WeatherMe" */;
			buildPhases = (
				C509575428AE01C60064C1E6 /* Sources */,
				C509575528AE01C60064C1E6 /* Frameworks */,
				C509575628AE01C60064C1E6 /* Resources */,
			);
			buildRules = (
			);
			dependencies = (
			);
			name = WeatherMe;
			productName = WeatherMe;
			productReference = C509575828AE01C60064C1E6 /* WeatherMe.app */;
			productType = "com.apple.product-type.application";
		};
/* End PBXNativeTarget section */

/* Begin PBXProject section */
		C509575028AE01C60064C1E6 /* Project object */ = {
			isa = PBXProject;
			attributes = {
				BuildIndependentTargetsInParallel = 1;
				LastSwiftUpdateCheck = 1340;
				LastUpgradeCheck = 1340;
				TargetAttributes = {
					C509575728AE01C60064C1E6 = {
						CreatedOnToolsVersion = 13.4.1;
					};
				};
			};
			buildConfigurationList = C509575328AE01C60064C1E6 /* Build configuration list for PBXProject "WeatherMe" */;
			compatibilityVersion = "Xcode 13.0";
			developmentRegion = en;
			hasScannedForEncodings = 0;
			knownRegions = (
				en,
				Base,
			);
			mainGroup = C509574F28AE01C60064C1E6;
			productRefGroup = C509575928AE01C60064C1E6 /* Products */;
			projectDirPath = "";
			projectRoot = "";
			targets = (
				C509575728AE01C60064C1E6 /* WeatherMe */,
			);
		};
/* End PBXProject section */

/* Begin PBXResourcesBuildPhase section */
		C509575628AE01C60064C1E6 /* Resources */ = {
			isa = PBXResourcesBuildPhase;
			buildActionMask = 2147483647;
			files = (
				C509577628AE03020064C1E6 /* WeatherTableViewCell.xib in Resources */,
				C509577A28AE03230064C1E6 /* HourlyTableViewCell.xib in Resources */,
				C509576828AE01C70064C1E6 /* LaunchScreen.storyboard in Resources */,
				C509576528AE01C70064C1E6 /* Assets.xcassets in Resources */,
				C509576328AE01C60064C1E6 /* Main.storyboard in Resources */,
				C5DDC2B628AE23EC008ED062 /* WeatherCollectionViewCell.xib in Resources */,
			);
			runOnlyForDeploymentPostprocessing = 0;
		};
/* End PBXResourcesBuildPhase section */

/* Begin PBXSourcesBuildPhase section */
		C509575428AE01C60064C1E6 /* Sources */ = {
			isa = PBXSourcesBuildPhase;
			buildActionMask = 2147483647;
			files = (
				C5DDC2B528AE23EC008ED062 /* WeatherCollectionViewCell.swift in Sources */,
				C509577528AE03020064C1E6 /* WeatherTableViewCell.swift in Sources */,
				C509576028AE01C60064C1E6 /* ViewController.swift in Sources */,
				C509577928AE03230064C1E6 /* HourlyTableViewCell.swift in Sources */,
				C509578028AE0EDA0064C1E6 /* Extensions.swift in Sources */,
				C5FCBB0E28AF94970068A539 /* HeaderView.swift in Sources */,
				C509577E28AE0D5A0064C1E6 /* WeatherResponse.swift in Sources */,
				C509575C28AE01C60064C1E6 /* AppDelegate.swift in Sources */,
				C509575E28AE01C60064C1E6 /* SceneDelegate.swift in Sources */,
				C509577C28AE06E70064C1E6 /* Constant.swift in Sources */,
			);
			runOnlyForDeploymentPostprocessing = 0;
		};
/* End PBXSourcesBuildPhase section */

/* Begin PBXVariantGroup section */
		C509576128AE01C60064C1E6 /* Main.storyboard */ = {
			isa = PBXVariantGroup;
			children = (
				C509576228AE01C60064C1E6 /* Base */,
			);
			name = Main.storyboard;
			sourceTree = "<group>";
		};
		C509576628AE01C70064C1E6 /* LaunchScreen.storyboard */ = {
			isa = PBXVariantGroup;
			children = (
				C509576728AE01C70064C1E6 /* Base */,
			);
			name = LaunchScreen.storyboard;
			sourceTree = "<group>";
		};
/* End PBXVariantGroup section */

/* Begin XCBuildConfiguration section */
		C509576A28AE01C70064C1E6 /* Debug */ = {
			isa = XCBuildConfiguration;
			buildSettings = {
				ALWAYS_SEARCH_USER_PATHS = NO;
				CLANG_ANALYZER_NONNULL = YES;
				CLANG_ANALYZER_NUMBER_OBJECT_CONVERSION = YES_AGGRESSIVE;
				CLANG_CXX_LANGUAGE_STANDARD = "gnu++17";
				CLANG_ENABLE_MODULES = YES;
				CLANG_ENABLE_OBJC_ARC = YES;
				CLANG_ENABLE_OBJC_WEAK = YES;
				CLANG_WARN_BLOCK_CAPTURE_AUTORELEASING = YES;
				CLANG_WARN_BOOL_CONVERSION = YES;
				CLANG_WARN_COMMA = YES;
				CLANG_WARN_CONSTANT_CONVERSION = YES;
				CLANG_WARN_DEPRECATED_OBJC_IMPLEMENTATIONS = YES;
				CLANG_WARN_DIRECT_OBJC_ISA_USAGE = YES_ERROR;
				CLANG_WARN_DOCUMENTATION_COMMENTS = YES;
				CLANG_WARN_EMPTY_BODY = YES;
				CLANG_WARN_ENUM_CONVERSION = YES;
				CLANG_WARN_INFINITE_RECURSION = YES;
				CLANG_WARN_INT_CONVERSION = YES;
				CLANG_WARN_NON_LITERAL_NULL_CONVERSION = YES;
				CLANG_WARN_OBJC_IMPLICIT_RETAIN_SELF = YES;
				CLANG_WARN_OBJC_LITERAL_CONVERSION = YES;
				CLANG_WARN_OBJC_ROOT_CLASS = YES_ERROR;
				CLANG_WARN_QUOTED_INCLUDE_IN_FRAMEWORK_HEADER = YES;
				CLANG_WARN_RANGE_LOOP_ANALYSIS = YES;
				CLANG_WARN_STRICT_PROTOTYPES = YES;
				CLANG_WARN_SUSPICIOUS_MOVE = YES;
				CLANG_WARN_UNGUARDED_AVAILABILITY = YES_AGGRESSIVE;
				CLANG_WARN_UNREACHABLE_CODE = YES;
				CLANG_WARN__DUPLICATE_METHOD_MATCH = YES;
				COPY_PHASE_STRIP = NO;
				DEBUG_INFORMATION_FORMAT = dwarf;
				ENABLE_STRICT_OBJC_MSGSEND = YES;
				ENABLE_TESTABILITY = YES;
				GCC_C_LANGUAGE_STANDARD = gnu11;
				GCC_DYNAMIC_NO_PIC = NO;
				GCC_NO_COMMON_BLOCKS = YES;
				GCC_OPTIMIZATION_LEVEL = 0;
				GCC_PREPROCESSOR_DEFINITIONS = (
					"DEBUG=1",
					"$(inherited)",
				);
				GCC_WARN_64_TO_32_BIT_CONVERSION = YES;
				GCC_WARN_ABOUT_RETURN_TYPE = YES_ERROR;
				GCC_WARN_UNDECLARED_SELECTOR = YES;
				GCC_WARN_UNINITIALIZED_AUTOS = YES_AGGRESSIVE;
				GCC_WARN_UNUSED_FUNCTION = YES;
				GCC_WARN_UNUSED_VARIABLE = YES;
				IPHONEOS_DEPLOYMENT_TARGET = 15.5;
				MTL_ENABLE_DEBUG_INFO = INCLUDE_SOURCE;
				MTL_FAST_MATH = YES;
				ONLY_ACTIVE_ARCH = YES;
				SDKROOT = iphoneos;
				SWIFT_ACTIVE_COMPILATION_CONDITIONS = DEBUG;
				SWIFT_OPTIMIZATION_LEVEL = "-Onone";
			};
			name = Debug;
		};
		C509576B28AE01C70064C1E6 /* Release */ = {
			isa = XCBuildConfiguration;
			buildSettings = {
				ALWAYS_SEARCH_USER_PATHS = NO;
				CLANG_ANALYZER_NONNULL = YES;
				CLANG_ANALYZER_NUMBER_OBJECT_CONVERSION = YES_AGGRESSIVE;
				CLANG_CXX_LANGUAGE_STANDARD = "gnu++17";
				CLANG_ENABLE_MODULES = YES;
				CLANG_ENABLE_OBJC_ARC = YES;
				CLANG_ENABLE_OBJC_WEAK = YES;
				CLANG_WARN_BLOCK_CAPTURE_AUTORELEASING = YES;
				CLANG_WARN_BOOL_CONVERSION = YES;
				CLANG_WARN_COMMA = YES;
				CLANG_WARN_CONSTANT_CONVERSION = YES;
				CLANG_WARN_DEPRECATED_OBJC_IMPLEMENTATIONS = YES;
				CLANG_WARN_DIRECT_OBJC_ISA_USAGE = YES_ERROR;
				CLANG_WARN_DOCUMENTATION_COMMENTS = YES;
				CLANG_WARN_EMPTY_BODY = YES;
				CLANG_WARN_ENUM_CONVERSION = YES;
				CLANG_WARN_INFINITE_RECURSION = YES;
				CLANG_WARN_INT_CONVERSION = YES;
				CLANG_WARN_NON_LITERAL_NULL_CONVERSION = YES;
				CLANG_WARN_OBJC_IMPLICIT_RETAIN_SELF = YES;
				CLANG_WARN_OBJC_LITERAL_CONVERSION = YES;
				CLANG_WARN_OBJC_ROOT_CLASS = YES_ERROR;
				CLANG_WARN_QUOTED_INCLUDE_IN_FRAMEWORK_HEADER = YES;
				CLANG_WARN_RANGE_LOOP_ANALYSIS = YES;
				CLANG_WARN_STRICT_PROTOTYPES = YES;
				CLANG_WARN_SUSPICIOUS_MOVE = YES;
				CLANG_WARN_UNGUARDED_AVAILABILITY = YES_AGGRESSIVE;
				CLANG_WARN_UNREACHABLE_CODE = YES;
				CLANG_WARN__DUPLICATE_METHOD_MATCH = YES;
				COPY_PHASE_STRIP = NO;
				DEBUG_INFORMATION_FORMAT = "dwarf-with-dsym";
				ENABLE_NS_ASSERTIONS = NO;
				ENABLE_STRICT_OBJC_MSGSEND = YES;
				GCC_C_LANGUAGE_STANDARD = gnu11;
				GCC_NO_COMMON_BLOCKS = YES;
				GCC_WARN_64_TO_32_BIT_CONVERSION = YES;
				GCC_WARN_ABOUT_RETURN_TYPE = YES_ERROR;
				GCC_WARN_UNDECLARED_SELECTOR = YES;
				GCC_WARN_UNINITIALIZED_AUTOS = YES_AGGRESSIVE;
				GCC_WARN_UNUSED_FUNCTION = YES;
				GCC_WARN_UNUSED_VARIABLE = YES;
				IPHONEOS_DEPLOYMENT_TARGET = 15.5;
				MTL_ENABLE_DEBUG_INFO = NO;
				MTL_FAST_MATH = YES;
				SDKROOT = iphoneos;
				SWIFT_COMPILATION_MODE = wholemodule;
				SWIFT_OPTIMIZATION_LEVEL = "-O";
				VALIDATE_PRODUCT = YES;
			};
			name = Release;
		};
		C509576D28AE01C70064C1E6 /* Debug */ = {
			isa = XCBuildConfiguration;
			buildSettings = {
				ASSETCATALOG_COMPILER_APPICON_NAME = AppIcon;
				ASSETCATALOG_COMPILER_GLOBAL_ACCENT_COLOR_NAME = AccentColor;
				CODE_SIGN_STYLE = Automatic;
				CURRENT_PROJECT_VERSION = 1;
				DEVELOPMENT_TEAM = 5CD9RDCH3V;
				GENERATE_INFOPLIST_FILE = YES;
				INFOPLIST_FILE = WeatherMe/Info.plist;
				INFOPLIST_KEY_UIApplicationSupportsIndirectInputEvents = YES;
				INFOPLIST_KEY_UILaunchStoryboardName = LaunchScreen;
				INFOPLIST_KEY_UIMainStoryboardFile = Main;
				INFOPLIST_KEY_UISupportedInterfaceOrientations = "";
				INFOPLIST_KEY_UISupportedInterfaceOrientations_iPad = "UIInterfaceOrientationPortrait UIInterfaceOrientationPortraitUpsideDown UIInterfaceOrientationLandscapeLeft UIInterfaceOrientationLandscapeRight";
				INFOPLIST_KEY_UISupportedInterfaceOrientations_iPhone = "UIInterfaceOrientationPortrait UIInterfaceOrientationLandscapeLeft UIInterfaceOrientationLandscapeRight";
				LD_RUNPATH_SEARCH_PATHS = (
					"$(inherited)",
					"@executable_path/Frameworks",
				);
				MARKETING_VERSION = 1.0;
				PRODUCT_BUNDLE_IDENTIFIER = com.SAI.WeatherMe;
				PRODUCT_NAME = "$(TARGET_NAME)";
				SWIFT_EMIT_LOC_STRINGS = YES;
				SWIFT_VERSION = 5.0;
				TARGETED_DEVICE_FAMILY = 1;
			};
			name = Debug;
		};
		C509576E28AE01C70064C1E6 /* Release */ = {
			isa = XCBuildConfiguration;
			buildSettings = {
				ASSETCATALOG_COMPILER_APPICON_NAME = AppIcon;
				ASSETCATALOG_COMPILER_GLOBAL_ACCENT_COLOR_NAME = AccentColor;
				CODE_SIGN_STYLE = Automatic;
				CURRENT_PROJECT_VERSION = 1;
				DEVELOPMENT_TEAM = 5CD9RDCH3V;
				GENERATE_INFOPLIST_FILE = YES;
				INFOPLIST_FILE = WeatherMe/Info.plist;
				INFOPLIST_KEY_UIApplicationSupportsIndirectInputEvents = YES;
				INFOPLIST_KEY_UILaunchStoryboardName = LaunchScreen;
				INFOPLIST_KEY_UIMainStoryboardFile = Main;
				INFOPLIST_KEY_UISupportedInterfaceOrientations = "";
				INFOPLIST_KEY_UISupportedInterfaceOrientations_iPad = "UIInterfaceOrientationPortrait UIInterfaceOrientationPortraitUpsideDown UIInterfaceOrientationLandscapeLeft UIInterfaceOrientationLandscapeRight";
				INFOPLIST_KEY_UISupportedInterfaceOrientations_iPhone = "UIInterfaceOrientationPortrait UIInterfaceOrientationLandscapeLeft UIInterfaceOrientationLandscapeRight";
				LD_RUNPATH_SEARCH_PATHS = (
					"$(inherited)",
					"@executable_path/Frameworks",
				);
				MARKETING_VERSION = 1.0;
				PRODUCT_BUNDLE_IDENTIFIER = com.SAI.WeatherMe;
				PRODUCT_NAME = "$(TARGET_NAME)";
				SWIFT_EMIT_LOC_STRINGS = YES;
				SWIFT_VERSION = 5.0;
				TARGETED_DEVICE_FAMILY = 1;
			};
			name = Release;
		};
/* End XCBuildConfiguration section */

/* Begin XCConfigurationList section */
		C509575328AE01C60064C1E6 /* Build configuration list for PBXProject "WeatherMe" */ = {
			isa = XCConfigurationList;
			buildConfigurations = (
				C509576A28AE01C70064C1E6 /* Debug */,
				C509576B28AE01C70064C1E6 /* Release */,
			);
			defaultConfigurationIsVisible = 0;
			defaultConfigurationName = Release;
		};
		C509576C28AE01C70064C1E6 /* Build configuration list for PBXNativeTarget "WeatherMe" */ = {
			isa = XCConfigurationList;
			buildConfigurations = (
				C509576D28AE01C70064C1E6 /* Debug */,
				C509576E28AE01C70064C1E6 /* Release */,
			);
			defaultConfigurationIsVisible = 0;
			defaultConfigurationName = Release;
		};
/* End XCConfigurationList section */
	};
	rootObject = C509575028AE01C60064C1E6 /* Project object */;
}
